
Microsoft Visual Studio Solution File, Format Version 12.00
# Visual Studio Version 17
VisualStudioVersion = 17.6.33801.468
MinimumVisualStudioVersion = 10.0.40219.1
Project("{FAE04EC0-301F-11D3-BF4B-00C04F79EFBC}") = "AutoGear", "AutoGear.csproj", "{6D092A8E-A28C-46DC-AB07-1B5DCF4818A7}"
EndProject
Project("{FAE04EC0-301F-11D3-BF4B-00C04F79EFBC}") = "AutoGear.Identity", "AutoGear.Identity\AutoGear.Identity.csproj", "{6BD5EA97-B22C-4BD5-9001-C1A98784EA65}"
EndProject
Project("{FAE04EC0-301F-11D3-BF4B-00C04F79EFBC}") = "AutoGear.Domain", "AutoGear.Domain\AutoGear.Domain.csproj", "{44A51C3C-D59A-46A6-8BAD-018B502E9A78}"
EndProject
Global
	GlobalSection(SolutionConfigurationPlatforms) = preSolution
		Debug|Any CPU = Debug|Any CPU
		Release|Any CPU = Release|Any CPU
	EndGlobalSection
	GlobalSection(ProjectConfigurationPlatforms) = postSolution
		{6D092A8E-A28C-46DC-AB07-1B5DCF4818A7}.Debug|Any CPU.ActiveCfg = Debug|Any CPU
		{6D092A8E-A28C-46DC-AB07-1B5DCF4818A7}.Debug|Any CPU.Build.0 = Debug|Any CPU
		{6D092A8E-A28C-46DC-AB07-1B5DCF4818A7}.Release|Any CPU.ActiveCfg = Release|Any CPU
		{6D092A8E-A28C-46DC-AB07-1B5DCF4818A7}.Release|Any CPU.Build.0 = Release|Any CPU
		{6BD5EA97-B22C-4BD5-9001-C1A98784EA65}.Debug|Any CPU.ActiveCfg = Debug|Any CPU
		{6BD5EA97-B22C-4BD5-9001-C1A98784EA65}.Debug|Any CPU.Build.0 = Debug|Any CPU
		{6BD5EA97-B22C-4BD5-9001-C1A98784EA65}.Release|Any CPU.ActiveCfg = Release|Any CPU
		{6BD5EA97-B22C-4BD5-9001-C1A98784EA65}.Release|Any CPU.Build.0 = Release|Any CPU
		{44A51C3C-D59A-46A6-8BAD-018B502E9A78}.Debug|Any CPU.ActiveCfg = Debug|Any CPU
		{44A51C3C-D59A-46A6-8BAD-018B502E9A78}.Debug|Any CPU.Build.0 = Debug|Any CPU
		{44A51C3C-D59A-46A6-8BAD-018B502E9A78}.Release|Any CPU.ActiveCfg = Release|Any CPU
		{44A51C3C-D59A-46A6-8BAD-018B502E9A78}.Release|Any CPU.Build.0 = Release|Any CPU
	EndGlobalSection
	GlobalSection(SolutionProperties) = preSolution
		HideSolutionNode = FALSE
	EndGlobalSection
	GlobalSection(ExtensibilityGlobals) = postSolution
		SolutionGuid = {BC7F00BE-8463-4E18-893C-6F4B4A8B7C28}
	EndGlobalSection
EndGlobal
